
Microsoft Visual Studio Solution File, Format Version 12.00
# Visual Studio Version 17
VisualStudioVersion = 17.12.35527.113 d17.12
MinimumVisualStudioVersion = 10.0.40219.1
Project("{FAE04EC0-301F-11D3-BF4B-00C04F79EFBC}") = "MyFirstApp", "MyFirstApp\MyFirstApp.csproj", "{A9B63F96-E4DD-467E-B0E9-545CE183FB78}"
EndProject
Project("{FAE04EC0-301F-11D3-BF4B-00C04F79EFBC}") = "MySecondApp", "MySecondApp\MySecondApp.csproj", "{3336B579-C11B-4112-8FCC-69CC77C7A926}"
EndProject
Global
	GlobalSection(SolutionConfigurationPlatforms) = preSolution
		Debug|Any CPU = Debug|Any CPU
		Release|Any CPU = Release|Any CPU
	EndGlobalSection
	GlobalSection(ProjectConfigurationPlatforms) = postSolution
		{A9B63F96-E4DD-467E-B0E9-545CE183FB78}.Debug|Any CPU.ActiveCfg = Debug|Any CPU
		{A9B63F96-E4DD-467E-B0E9-545CE183FB78}.Debug|Any CPU.Build.0 = Debug|Any CPU
		{A9B63F96-E4DD-467E-B0E9-545CE183FB78}.Release|Any CPU.ActiveCfg = Release|Any CPU
		{A9B63F96-E4DD-467E-B0E9-545CE183FB78}.Release|Any CPU.Build.0 = Release|Any CPU
		{3336B579-C11B-4112-8FCC-69CC77C7A926}.Debug|Any CPU.ActiveCfg = Debug|Any CPU
		{3336B579-C11B-4112-8FCC-69CC77C7A926}.Debug|Any CPU.Build.0 = Debug|Any CPU
		{3336B579-C11B-4112-8FCC-69CC77C7A926}.Release|Any CPU.ActiveCfg = Release|Any CPU
		{3336B579-C11B-4112-8FCC-69CC77C7A926}.Release|Any CPU.Build.0 = Release|Any CPU
	EndGlobalSection
	GlobalSection(SolutionProperties) = preSolution
		HideSolutionNode = FALSE
	EndGlobalSection
EndGlobal
