
Microsoft Visual Studio Solution File, Format Version 12.00
# Visual Studio Version 17
VisualStudioVersion = 17.12.35527.113
MinimumVisualStudioVersion = 10.0.40219.1
Project("{FAE04EC0-301F-11D3-BF4B-00C04F79EFBC}") = "InputOutput", "InputOutput\InputOutput.csproj", "{A4BB5362-1C52-4F83-9029-6E7DFB591C26}"
EndProject
Project("{FAE04EC0-301F-11D3-BF4B-00C04F79EFBC}") = "Validacion", "Validacion\Validacion.csproj", "{ACD71EEF-875E-4313-B520-34545B8B362F}"
EndProject
Project("{FAE04EC0-301F-11D3-BF4B-00C04F79EFBC}") = "ExerciseTimesTable", "ExerciseTimesTable\ExerciseTimesTable.csproj", "{7F88824E-CFDB-4A38-8948-863B14793DAC}"
EndProject
Project("{FAE04EC0-301F-11D3-BF4B-00C04F79EFBC}") = "FizzBuzz", "FizzBuzz\FizzBuzz.csproj", "{A1ED771A-E864-438C-9190-42B8B942DC24}"
EndProject
Project("{FAE04EC0-301F-11D3-BF4B-00C04F79EFBC}") = "StringLiteral", "StringLiteral\StringLiteral.csproj", "{E81ABB99-FB1B-4691-A39B-E1276153EE56}"
EndProject
Global
	GlobalSection(SolutionConfigurationPlatforms) = preSolution
		Debug|Any CPU = Debug|Any CPU
		Release|Any CPU = Release|Any CPU
	EndGlobalSection
	GlobalSection(ProjectConfigurationPlatforms) = postSolution
		{A4BB5362-1C52-4F83-9029-6E7DFB591C26}.Debug|Any CPU.ActiveCfg = Debug|Any CPU
		{A4BB5362-1C52-4F83-9029-6E7DFB591C26}.Debug|Any CPU.Build.0 = Debug|Any CPU
		{A4BB5362-1C52-4F83-9029-6E7DFB591C26}.Release|Any CPU.ActiveCfg = Release|Any CPU
		{A4BB5362-1C52-4F83-9029-6E7DFB591C26}.Release|Any CPU.Build.0 = Release|Any CPU
		{ACD71EEF-875E-4313-B520-34545B8B362F}.Debug|Any CPU.ActiveCfg = Debug|Any CPU
		{ACD71EEF-875E-4313-B520-34545B8B362F}.Debug|Any CPU.Build.0 = Debug|Any CPU
		{ACD71EEF-875E-4313-B520-34545B8B362F}.Release|Any CPU.ActiveCfg = Release|Any CPU
		{ACD71EEF-875E-4313-B520-34545B8B362F}.Release|Any CPU.Build.0 = Release|Any CPU
		{7F88824E-CFDB-4A38-8948-863B14793DAC}.Debug|Any CPU.ActiveCfg = Debug|Any CPU
		{7F88824E-CFDB-4A38-8948-863B14793DAC}.Debug|Any CPU.Build.0 = Debug|Any CPU
		{7F88824E-CFDB-4A38-8948-863B14793DAC}.Release|Any CPU.ActiveCfg = Release|Any CPU
		{7F88824E-CFDB-4A38-8948-863B14793DAC}.Release|Any CPU.Build.0 = Release|Any CPU
		{A1ED771A-E864-438C-9190-42B8B942DC24}.Debug|Any CPU.ActiveCfg = Debug|Any CPU
		{A1ED771A-E864-438C-9190-42B8B942DC24}.Debug|Any CPU.Build.0 = Debug|Any CPU
		{A1ED771A-E864-438C-9190-42B8B942DC24}.Release|Any CPU.ActiveCfg = Release|Any CPU
		{A1ED771A-E864-438C-9190-42B8B942DC24}.Release|Any CPU.Build.0 = Release|Any CPU
		{E81ABB99-FB1B-4691-A39B-E1276153EE56}.Debug|Any CPU.ActiveCfg = Debug|Any CPU
		{E81ABB99-FB1B-4691-A39B-E1276153EE56}.Debug|Any CPU.Build.0 = Debug|Any CPU
		{E81ABB99-FB1B-4691-A39B-E1276153EE56}.Release|Any CPU.ActiveCfg = Release|Any CPU
		{E81ABB99-FB1B-4691-A39B-E1276153EE56}.Release|Any CPU.Build.0 = Release|Any CPU
	EndGlobalSection
	GlobalSection(SolutionProperties) = preSolution
		HideSolutionNode = FALSE
	EndGlobalSection
EndGlobal
